
Microsoft Visual Studio Solution File, Format Version 10.00
# Visual Studio 2008
Project("{FAE04EC0-301F-11D3-BF4B-00C04F79EFBC}") = "mocking_csharp", "mocking_csharp.csproj", "{C288BD07-C9EA-4DA7-A40D-7149044B538A}"
EndProject
Global
	GlobalSection(SolutionConfigurationPlatforms) = preSolution
		Debug|Any CPU = Debug|Any CPU
		Release|Any CPU = Release|Any CPU
	EndGlobalSection
	GlobalSection(ProjectConfigurationPlatforms) = postSolution
		{C288BD07-C9EA-4DA7-A40D-7149044B538A}.Debug|Any CPU.ActiveCfg = Debug|Any CPU
		{C288BD07-C9EA-4DA7-A40D-7149044B538A}.Debug|Any CPU.Build.0 = Debug|Any CPU
		{C288BD07-C9EA-4DA7-A40D-7149044B538A}.Release|Any CPU.ActiveCfg = Release|Any CPU
		{C288BD07-C9EA-4DA7-A40D-7149044B538A}.Release|Any CPU.Build.0 = Release|Any CPU
	EndGlobalSection
	GlobalSection(MonoDevelopProperties) = preSolution
		StartupItem = mocking_csharp.csproj
	EndGlobalSection
EndGlobal
